Microsoft Visual Studio Solution File, Format Version 9.00
# Visual Studio 2005
Project("{8BC9CEB8-8B4A-11D0-8D11-00A0C91BC942}") = "wave", "wave.vcproj", "{3D443B05-403C-4907-8F50-DC396DB6BB23}"
EndProject
Project("{8BC9CEB8-8B4A-11D0-8D11-00A0C91BC942}") = "alltypes", "alltypes.vcproj", "{627C8E54-0ABD-4B8A-B76B-0BD13F5E684B}"
EndProject
Project("{8BC9CEB8-8B4A-11D0-8D11-00A0C91BC942}") = "array", "array.vcproj", "{CB409787-8ACF-4854-A2AB-6CD727E7120D}"
EndProject
Project("{8BC9CEB8-8B4A-11D0-8D11-00A0C91BC942}") = "compression", "compression.vcproj", "{AA9DE89B-47C8-4164-944A-6D42B4AF0FEB}"
EndProject
Project("{8BC9CEB8-8B4A-11D0-8D11-00A0C91BC942}") = "csg", "csg.vcproj", "{6DE8948E-8CF8-4650-9749-1C21066AA957}"
EndProject
Project("{8BC9CEB8-8B4A-11D0-8D11-00A0C91BC942}") = "extface", "extface.vcproj", "{3482A43B-3A21-4583-88C4-45A4422E2307}"
EndProject
Project("{8BC9CEB8-8B4A-11D0-8D11-00A0C91BC942}") = "testall", "testall.vcproj", "{E4105EA9-2AB2-4656-B966-01F16961A14B}"
EndProject
Project("{8BC9CEB8-8B4A-11D0-8D11-00A0C91BC942}") = "grab", "grab.vcproj", "{DCFFC0C8-1C81-4016-8364-1678FAB1D2D2}"
EndProject
Project("{8BC9CEB8-8B4A-11D0-8D11-00A0C91BC942}") = "largefile", "largefile.vcproj", "{EA0DA3EC-DD78-4C57-A0A9-F0EEAE35A85A}"
EndProject
Project("{8BC9CEB8-8B4A-11D0-8D11-00A0C91BC942}") = "listtypes", "listtypes.vcproj", "{A79DA077-0644-4DA7-8D8A-BB115597F474}"
	ProjectSection(ProjectDependencies) = postProject
		{9B955616-D58C-4ED8-AB6F-FBA74E768B54} = {9B955616-D58C-4ED8-AB6F-FBA74E768B54}
	EndProjectSection
EndProject
Project("{8BC9CEB8-8B4A-11D0-8D11-00A0C91BC942}") = "mat3d_3across", "mat3d_3across.vcproj", "{CEA025B3-7259-4852-980F-CB39E8206304}"
EndProject
Project("{8BC9CEB8-8B4A-11D0-8D11-00A0C91BC942}") = "merge_block", "merge_block.vcproj", "{2B22FE6C-0C77-445A-8320-50EEF60EEF7D}"
EndProject
Project("{8BC9CEB8-8B4A-11D0-8D11-00A0C91BC942}") = "mmadjacency", "mmadjacency.vcproj", "{809F6E22-2B80-4264-A220-7974EC9EDBBF}"
EndProject
Project("{8BC9CEB8-8B4A-11D0-8D11-00A0C91BC942}") = "multi_file", "multi_file.vcproj", "{8CC26B54-D539-4A0A-B461-26F074B790FD}"
EndProject
Project("{8BC9CEB8-8B4A-11D0-8D11-00A0C91BC942}") = "multi_test", "multi_test.vcproj", "{7535A535-FDEC-4448-AF9C-C031C9EA8459}"
EndProject
Project("{8BC9CEB8-8B4A-11D0-8D11-00A0C91BC942}") = "multispec", "multispec.vcproj", "{2D46EF91-58B2-43B5-ADD7-6908D6794578}"
EndProject
Project("{8BC9CEB8-8B4A-11D0-8D11-00A0C91BC942}") = "obj", "obj.vcproj", "{AC0F21DF-ECA4-4B17-9829-59634B68B0D2}"
EndProject
Project("{8BC9CEB8-8B4A-11D0-8D11-00A0C91BC942}") = "onehex", "onehex.vcproj", "{3863899B-7F9F-4823-9383-AE2205DCB054}"
EndProject
Project("{8BC9CEB8-8B4A-11D0-8D11-00A0C91BC942}") = "oneprism", "oneprism.vcproj", "{4BCA7F35-0742-424F-8E50-39B934312F8F}"
EndProject
Project("{8BC9CEB8-8B4A-11D0-8D11-00A0C91BC942}") = "onepyramid", "onepyramid.vcproj", "{2AFC873D-E906-4145-A0CB-6264E8CAE97D}"
EndProject
Project("{8BC9CEB8-8B4A-11D0-8D11-00A0C91BC942}") = "onetet", "onetet.vcproj", "{A76CCA62-BC5F-44F8-B090-9C45DA138680}"
EndProject
Project("{8BC9CEB8-8B4A-11D0-8D11-00A0C91BC942}") = "partial_io", "partial_io.vcproj", "{4F6A7EC6-F141-4512-B2A8-D108CBD6FAC1}"
EndProject
Project("{8BC9CEB8-8B4A-11D0-8D11-00A0C91BC942}") = "point", "point.vcproj", "{025CFEA1-6C43-404D-9DA4-5392A17FA162}"
EndProject
Project("{8BC9CEB8-8B4A-11D0-8D11-00A0C91BC942}") = "polyzl", "polyzl.vcproj", "{8C6BC636-FF71-4D58-9D63-E12265523982}"
EndProject
Project("{8BC9CEB8-8B4A-11D0-8D11-00A0C91BC942}") = "quad", "quad.vcproj", "{4D5EA26A-8356-4665-A13D-51CCEE2BA7F4}"
EndProject
Project("{8BC9CEB8-8B4A-11D0-8D11-00A0C91BC942}") = "rocket", "rocket.vcproj", "{A9F76A7B-20A1-4D93-9444-175824B7B3DF}"
EndProject
Project("{8BC9CEB8-8B4A-11D0-8D11-00A0C91BC942}") = "sami", "sami.vcproj", "{B3C7F964-68B8-4F8C-B5E7-7607836FB101}"
EndProject
Project("{8BC9CEB8-8B4A-11D0-8D11-00A0C91BC942}") = "simple", "simple.vcproj", "{7AB46C61-04D5-4E77-AD3F-E7726F3E173A}"
EndProject
Project("{8BC9CEB8-8B4A-11D0-8D11-00A0C91BC942}") = "spec", "spec.vcproj", "{7A5F618C-F98A-4F8E-BBC7-C4F5C6BCD5A4}"
EndProject
Project("{8BC9CEB8-8B4A-11D0-8D11-00A0C91BC942}") = "specmix", "specmix.vcproj", "{27C64509-94EB-406D-9978-93AE531CEB1E}"
EndProject
Project("{8BC9CEB8-8B4A-11D0-8D11-00A0C91BC942}") = "subhex", "subhex.vcproj", "{8C02951E-155B-4D09-A1DD-F98695F02A0E}"
EndProject
Project("{8BC9CEB8-8B4A-11D0-8D11-00A0C91BC942}") = "testpdb", "testpdb.vcproj", "{29110B58-9FD5-4A8E-B9F7-064650EE16C6}"
EndProject
Project("{8BC9CEB8-8B4A-11D0-8D11-00A0C91BC942}") = "TestReadMask", "TestReadMask.vcproj", "{D47B6498-6A8D-4E87-A3B6-C6D08DF29FE2}"
EndProject
Project("{8BC9CEB8-8B4A-11D0-8D11-00A0C91BC942}") = "twohex", "twohex.vcproj", "{64A6CE79-710F-405C-AAE8-F604E74A4374}"
EndProject
Project("{8BC9CEB8-8B4A-11D0-8D11-00A0C91BC942}") = "ucd1d", "ucd1d.vcproj", "{C065DCD0-DE87-4B6E-A1E6-8F7EDB272D53}"
EndProject
Project("{8BC9CEB8-8B4A-11D0-8D11-00A0C91BC942}") = "ucd", "ucd.vcproj", "{9B955616-D58C-4ED8-AB6F-FBA74E768B54}"
EndProject
Project("{8BC9CEB8-8B4A-11D0-8D11-00A0C91BC942}") = "ucdsamp3", "ucdsamp3.vcproj", "{94D10A14-5A9B-4E1E-B204-DE3196750126}"
EndProject
Project("{8BC9CEB8-8B4A-11D0-8D11-00A0C91BC942}") = "version", "version.vcproj", "{CBBCFD38-0F91-4CA2-8CBF-2833AC284438}"
EndProject
Project("{8BC9CEB8-8B4A-11D0-8D11-00A0C91BC942}") = "dirtest", "dirtest.vcproj", "{B8FE1ABF-E1AD-41C7-AFAE-333BAB3636E1}"
EndProject
Project("{8BC9CEB8-8B4A-11D0-8D11-00A0C91BC942}") = "group_test", "group_test.vcproj", "{69340E63-F15C-4A33-85B7-344666F8F25C}"
EndProject
Project("{8BC9CEB8-8B4A-11D0-8D11-00A0C91BC942}") = "namescheme", "namescheme.vcproj", "{D839F6C1-3736-4269-A5E7-30B2BC1CBCCD}"
EndProject
Project("{6989167D-11E4-40FE-8C1A-2192A86A7E90}") = "array_f", "array_f.vfproj", "{A1F2E6F2-6E49-4746-9133-9DF0A404C7DB}"
EndProject
Project("{6989167D-11E4-40FE-8C1A-2192A86A7E90}") = "curve_f", "curve_f.vfproj", "{D08D4EA4-8AF5-4FD2-BFBE-4FFB247B2A35}"
EndProject
Project("{6989167D-11E4-40FE-8C1A-2192A86A7E90}") = "mat_f", "mat_f.vfproj", "{595357B8-132D-4F3E-9679-6E52B474E8A5}"
EndProject
Project("{6989167D-11E4-40FE-8C1A-2192A86A7E90}") = "point_f", "point_f.vfproj", "{EC9BB75A-9691-4DAF-A876-5116DDCBAFBC}"
EndProject
Project("{6989167D-11E4-40FE-8C1A-2192A86A7E90}") = "quad_f", "quad_f.vfproj", "{12C054D3-D396-45F9-912E-8A7FF6548738}"
EndProject
Project("{6989167D-11E4-40FE-8C1A-2192A86A7E90}") = "testall_f", "testall_f.vfproj", "{BCC584B3-571E-4441-8ABF-D2CDD0646116}"
EndProject
Project("{6989167D-11E4-40FE-8C1A-2192A86A7E90}") = "ucd_f", "ucd_f.vfproj", "{A8A0C0C5-A117-4430-B47A-E98603255D01}"
EndProject
Global
	GlobalSection(SolutionConfigurationPlatforms) = preSolution
		Debug|Win32 = Debug|Win32
		DLLwithHDF5_Debug|Win32 = DLLwithHDF5_Debug|Win32
		DLLwithHDF5_Release|Win32 = DLLwithHDF5_Release|Win32
		Release|Win32 = Release|Win32
	EndGlobalSection
	GlobalSection(ProjectConfigurationPlatforms) = postSolution
		{3D443B05-403C-4907-8F50-DC396DB6BB23}.Debug|Win32.ActiveCfg = DLLwithHDF5_Debug|Win32
		{3D443B05-403C-4907-8F50-DC396DB6BB23}.Debug|Win32.Build.0 = DLLwithHDF5_Debug|Win32
		{3D443B05-403C-4907-8F50-DC396DB6BB23}.DLLwithHDF5_Debug|Win32.ActiveCfg = DLLwithHDF5_Debug|Win32
		{3D443B05-403C-4907-8F50-DC396DB6BB23}.DLLwithHDF5_Debug|Win32.Build.0 = DLLwithHDF5_Debug|Win32
		{3D443B05-403C-4907-8F50-DC396DB6BB23}.DLLwithHDF5_Release|Win32.ActiveCfg = DLLwithHDF5_Release|Win32
		{3D443B05-403C-4907-8F50-DC396DB6BB23}.DLLwithHDF5_Release|Win32.Build.0 = DLLwithHDF5_Release|Win32
		{3D443B05-403C-4907-8F50-DC396DB6BB23}.Release|Win32.ActiveCfg = DLLwithHDF5_Release|Win32
		{3D443B05-403C-4907-8F50-DC396DB6BB23}.Release|Win32.Build.0 = DLLwithHDF5_Release|Win32
		{627C8E54-0ABD-4B8A-B76B-0BD13F5E684B}.Debug|Win32.ActiveCfg = DLLwithHDF5_Debug|Win32
		{627C8E54-0ABD-4B8A-B76B-0BD13F5E684B}.Debug|Win32.Build.0 = DLLwithHDF5_Debug|Win32
		{627C8E54-0ABD-4B8A-B76B-0BD13F5E684B}.DLLwithHDF5_Debug|Win32.ActiveCfg = DLLwithHDF5_Debug|Win32
		{627C8E54-0ABD-4B8A-B76B-0BD13F5E684B}.DLLwithHDF5_Debug|Win32.Build.0 = DLLwithHDF5_Debug|Win32
		{627C8E54-0ABD-4B8A-B76B-0BD13F5E684B}.DLLwithHDF5_Release|Win32.ActiveCfg = DLLwithHDF5_Release|Win32
		{627C8E54-0ABD-4B8A-B76B-0BD13F5E684B}.DLLwithHDF5_Release|Win32.Build.0 = DLLwithHDF5_Release|Win32
		{627C8E54-0ABD-4B8A-B76B-0BD13F5E684B}.Release|Win32.ActiveCfg = DLLwithHDF5_Release|Win32
		{627C8E54-0ABD-4B8A-B76B-0BD13F5E684B}.Release|Win32.Build.0 = DLLwithHDF5_Release|Win32
		{CB409787-8ACF-4854-A2AB-6CD727E7120D}.Debug|Win32.ActiveCfg = DLLwithHDF5_Debug|Win32
		{CB409787-8ACF-4854-A2AB-6CD727E7120D}.Debug|Win32.Build.0 = DLLwithHDF5_Debug|Win32
		{CB409787-8ACF-4854-A2AB-6CD727E7120D}.DLLwithHDF5_Debug|Win32.ActiveCfg = DLLwithHDF5_Debug|Win32
		{CB409787-8ACF-4854-A2AB-6CD727E7120D}.DLLwithHDF5_Debug|Win32.Build.0 = DLLwithHDF5_Debug|Win32
		{CB409787-8ACF-4854-A2AB-6CD727E7120D}.DLLwithHDF5_Release|Win32.ActiveCfg = DLLwithHDF5_Release|Win32
		{CB409787-8ACF-4854-A2AB-6CD727E7120D}.DLLwithHDF5_Release|Win32.Build.0 = DLLwithHDF5_Release|Win32
		{CB409787-8ACF-4854-A2AB-6CD727E7120D}.Release|Win32.ActiveCfg = DLLwithHDF5_Release|Win32
		{CB409787-8ACF-4854-A2AB-6CD727E7120D}.Release|Win32.Build.0 = DLLwithHDF5_Release|Win32
		{AA9DE89B-47C8-4164-944A-6D42B4AF0FEB}.Debug|Win32.ActiveCfg = DLLwithHDF5_Debug|Win32
		{AA9DE89B-47C8-4164-944A-6D42B4AF0FEB}.Debug|Win32.Build.0 = DLLwithHDF5_Debug|Win32
		{AA9DE89B-47C8-4164-944A-6D42B4AF0FEB}.DLLwithHDF5_Debug|Win32.ActiveCfg = DLLwithHDF5_Debug|Win32
		{AA9DE89B-47C8-4164-944A-6D42B4AF0FEB}.DLLwithHDF5_Debug|Win32.Build.0 = DLLwithHDF5_Debug|Win32
		{AA9DE89B-47C8-4164-944A-6D42B4AF0FEB}.DLLwithHDF5_Release|Win32.ActiveCfg = DLLwithHDF5_Release|Win32
		{AA9DE89B-47C8-4164-944A-6D42B4AF0FEB}.DLLwithHDF5_Release|Win32.Build.0 = DLLwithHDF5_Release|Win32
		{AA9DE89B-47C8-4164-944A-6D42B4AF0FEB}.Release|Win32.ActiveCfg = DLLwithHDF5_Release|Win32
		{AA9DE89B-47C8-4164-944A-6D42B4AF0FEB}.Release|Win32.Build.0 = DLLwithHDF5_Release|Win32
		{6DE8948E-8CF8-4650-9749-1C21066AA957}.Debug|Win32.ActiveCfg = DLLwithHDF5_Debug|Win32
		{6DE8948E-8CF8-4650-9749-1C21066AA957}.Debug|Win32.Build.0 = DLLwithHDF5_Debug|Win32
		{6DE8948E-8CF8-4650-9749-1C21066AA957}.DLLwithHDF5_Debug|Win32.ActiveCfg = DLLwithHDF5_Debug|Win32
		{6DE8948E-8CF8-4650-9749-1C21066AA957}.DLLwithHDF5_Debug|Win32.Build.0 = DLLwithHDF5_Debug|Win32
		{6DE8948E-8CF8-4650-9749-1C21066AA957}.DLLwithHDF5_Release|Win32.ActiveCfg = DLLwithHDF5_Release|Win32
		{6DE8948E-8CF8-4650-9749-1C21066AA957}.DLLwithHDF5_Release|Win32.Build.0 = DLLwithHDF5_Release|Win32
		{6DE8948E-8CF8-4650-9749-1C21066AA957}.Release|Win32.ActiveCfg = DLLwithHDF5_Release|Win32
		{6DE8948E-8CF8-4650-9749-1C21066AA957}.Release|Win32.Build.0 = DLLwithHDF5_Release|Win32
		{3482A43B-3A21-4583-88C4-45A4422E2307}.Debug|Win32.ActiveCfg = DLLwithHDF5_Debug|Win32
		{3482A43B-3A21-4583-88C4-45A4422E2307}.Debug|Win32.Build.0 = DLLwithHDF5_Debug|Win32
		{3482A43B-3A21-4583-88C4-45A4422E2307}.DLLwithHDF5_Debug|Win32.ActiveCfg = DLLwithHDF5_Debug|Win32
		{3482A43B-3A21-4583-88C4-45A4422E2307}.DLLwithHDF5_Debug|Win32.Build.0 = DLLwithHDF5_Debug|Win32
		{3482A43B-3A21-4583-88C4-45A4422E2307}.DLLwithHDF5_Release|Win32.ActiveCfg = DLLwithHDF5_Release|Win32
		{3482A43B-3A21-4583-88C4-45A4422E2307}.DLLwithHDF5_Release|Win32.Build.0 = DLLwithHDF5_Release|Win32
		{3482A43B-3A21-4583-88C4-45A4422E2307}.Release|Win32.ActiveCfg = DLLwithHDF5_Release|Win32
		{3482A43B-3A21-4583-88C4-45A4422E2307}.Release|Win32.Build.0 = DLLwithHDF5_Release|Win32
		{E4105EA9-2AB2-4656-B966-01F16961A14B}.Debug|Win32.ActiveCfg = DLLwithHDF5_Debug|Win32
		{E4105EA9-2AB2-4656-B966-01F16961A14B}.Debug|Win32.Build.0 = DLLwithHDF5_Debug|Win32
		{E4105EA9-2AB2-4656-B966-01F16961A14B}.DLLwithHDF5_Debug|Win32.ActiveCfg = DLLwithHDF5_Debug|Win32
		{E4105EA9-2AB2-4656-B966-01F16961A14B}.DLLwithHDF5_Debug|Win32.Build.0 = DLLwithHDF5_Debug|Win32
		{E4105EA9-2AB2-4656-B966-01F16961A14B}.DLLwithHDF5_Release|Win32.ActiveCfg = DLLwithHDF5_Release|Win32
		{E4105EA9-2AB2-4656-B966-01F16961A14B}.DLLwithHDF5_Release|Win32.Build.0 = DLLwithHDF5_Release|Win32
		{E4105EA9-2AB2-4656-B966-01F16961A14B}.Release|Win32.ActiveCfg = DLLwithHDF5_Release|Win32
		{E4105EA9-2AB2-4656-B966-01F16961A14B}.Release|Win32.Build.0 = DLLwithHDF5_Release|Win32
		{DCFFC0C8-1C81-4016-8364-1678FAB1D2D2}.Debug|Win32.ActiveCfg = DLLwithHDF5_Debug|Win32
		{DCFFC0C8-1C81-4016-8364-1678FAB1D2D2}.Debug|Win32.Build.0 = DLLwithHDF5_Debug|Win32
		{DCFFC0C8-1C81-4016-8364-1678FAB1D2D2}.DLLwithHDF5_Debug|Win32.ActiveCfg = DLLwithHDF5_Debug|Win32
		{DCFFC0C8-1C81-4016-8364-1678FAB1D2D2}.DLLwithHDF5_Debug|Win32.Build.0 = DLLwithHDF5_Debug|Win32
		{DCFFC0C8-1C81-4016-8364-1678FAB1D2D2}.DLLwithHDF5_Release|Win32.ActiveCfg = DLLwithHDF5_Release|Win32
		{DCFFC0C8-1C81-4016-8364-1678FAB1D2D2}.DLLwithHDF5_Release|Win32.Build.0 = DLLwithHDF5_Release|Win32
		{DCFFC0C8-1C81-4016-8364-1678FAB1D2D2}.Release|Win32.ActiveCfg = DLLwithHDF5_Release|Win32
		{DCFFC0C8-1C81-4016-8364-1678FAB1D2D2}.Release|Win32.Build.0 = DLLwithHDF5_Release|Win32
		{EA0DA3EC-DD78-4C57-A0A9-F0EEAE35A85A}.Debug|Win32.ActiveCfg = DLLwithHDF5_Debug|Win32
		{EA0DA3EC-DD78-4C57-A0A9-F0EEAE35A85A}.Debug|Win32.Build.0 = DLLwithHDF5_Debug|Win32
		{EA0DA3EC-DD78-4C57-A0A9-F0EEAE35A85A}.DLLwithHDF5_Debug|Win32.ActiveCfg = DLLwithHDF5_Debug|Win32
		{EA0DA3EC-DD78-4C57-A0A9-F0EEAE35A85A}.DLLwithHDF5_Debug|Win32.Build.0 = DLLwithHDF5_Debug|Win32
		{EA0DA3EC-DD78-4C57-A0A9-F0EEAE35A85A}.DLLwithHDF5_Release|Win32.ActiveCfg = DLLwithHDF5_Release|Win32
		{EA0DA3EC-DD78-4C57-A0A9-F0EEAE35A85A}.DLLwithHDF5_Release|Win32.Build.0 = DLLwithHDF5_Release|Win32
		{EA0DA3EC-DD78-4C57-A0A9-F0EEAE35A85A}.Release|Win32.ActiveCfg = DLLwithHDF5_Release|Win32
		{EA0DA3EC-DD78-4C57-A0A9-F0EEAE35A85A}.Release|Win32.Build.0 = DLLwithHDF5_Release|Win32
		{A79DA077-0644-4DA7-8D8A-BB115597F474}.Debug|Win32.ActiveCfg = DLLwithHDF5_Debug|Win32
		{A79DA077-0644-4DA7-8D8A-BB115597F474}.Debug|Win32.Build.0 = DLLwithHDF5_Debug|Win32
		{A79DA077-0644-4DA7-8D8A-BB115597F474}.DLLwithHDF5_Debug|Win32.ActiveCfg = DLLwithHDF5_Debug|Win32
		{A79DA077-0644-4DA7-8D8A-BB115597F474}.DLLwithHDF5_Debug|Win32.Build.0 = DLLwithHDF5_Debug|Win32
		{A79DA077-0644-4DA7-8D8A-BB115597F474}.DLLwithHDF5_Release|Win32.ActiveCfg = DLLwithHDF5_Release|Win32
		{A79DA077-0644-4DA7-8D8A-BB115597F474}.DLLwithHDF5_Release|Win32.Build.0 = DLLwithHDF5_Release|Win32
		{A79DA077-0644-4DA7-8D8A-BB115597F474}.Release|Win32.ActiveCfg = DLLwithHDF5_Release|Win32
		{A79DA077-0644-4DA7-8D8A-BB115597F474}.Release|Win32.Build.0 = DLLwithHDF5_Release|Win32
		{CEA025B3-7259-4852-980F-CB39E8206304}.Debug|Win32.ActiveCfg = DLLwithHDF5_Debug|Win32
		{CEA025B3-7259-4852-980F-CB39E8206304}.Debug|Win32.Build.0 = DLLwithHDF5_Debug|Win32
		{CEA025B3-7259-4852-980F-CB39E8206304}.DLLwithHDF5_Debug|Win32.ActiveCfg = DLLwithHDF5_Debug|Win32
		{CEA025B3-7259-4852-980F-CB39E8206304}.DLLwithHDF5_Debug|Win32.Build.0 = DLLwithHDF5_Debug|Win32
		{CEA025B3-7259-4852-980F-CB39E8206304}.DLLwithHDF5_Release|Win32.ActiveCfg = DLLwithHDF5_Release|Win32
		{CEA025B3-7259-4852-980F-CB39E8206304}.DLLwithHDF5_Release|Win32.Build.0 = DLLwithHDF5_Release|Win32
		{CEA025B3-7259-4852-980F-CB39E8206304}.Release|Win32.ActiveCfg = DLLwithHDF5_Release|Win32
		{CEA025B3-7259-4852-980F-CB39E8206304}.Release|Win32.Build.0 = DLLwithHDF5_Release|Win32
		{2B22FE6C-0C77-445A-8320-50EEF60EEF7D}.Debug|Win32.ActiveCfg = DLLwithHDF5_Debug|Win32
		{2B22FE6C-0C77-445A-8320-50EEF60EEF7D}.Debug|Win32.Build.0 = DLLwithHDF5_Debug|Win32
		{2B22FE6C-0C77-445A-8320-50EEF60EEF7D}.DLLwithHDF5_Debug|Win32.ActiveCfg = DLLwithHDF5_Debug|Win32
		{2B22FE6C-0C77-445A-8320-50EEF60EEF7D}.DLLwithHDF5_Debug|Win32.Build.0 = DLLwithHDF5_Debug|Win32
		{2B22FE6C-0C77-445A-8320-50EEF60EEF7D}.DLLwithHDF5_Release|Win32.ActiveCfg = DLLwithHDF5_Release|Win32
		{2B22FE6C-0C77-445A-8320-50EEF60EEF7D}.DLLwithHDF5_Release|Win32.Build.0 = DLLwithHDF5_Release|Win32
		{2B22FE6C-0C77-445A-8320-50EEF60EEF7D}.Release|Win32.ActiveCfg = DLLwithHDF5_Release|Win32
		{2B22FE6C-0C77-445A-8320-50EEF60EEF7D}.Release|Win32.Build.0 = DLLwithHDF5_Release|Win32
		{809F6E22-2B80-4264-A220-7974EC9EDBBF}.Debug|Win32.ActiveCfg = DLLwithHDF5_Debug|Win32
		{809F6E22-2B80-4264-A220-7974EC9EDBBF}.Debug|Win32.Build.0 = DLLwithHDF5_Debug|Win32
		{809F6E22-2B80-4264-A220-7974EC9EDBBF}.DLLwithHDF5_Debug|Win32.ActiveCfg = DLLwithHDF5_Debug|Win32
		{809F6E22-2B80-4264-A220-7974EC9EDBBF}.DLLwithHDF5_Debug|Win32.Build.0 = DLLwithHDF5_Debug|Win32
		{809F6E22-2B80-4264-A220-7974EC9EDBBF}.DLLwithHDF5_Release|Win32.ActiveCfg = DLLwithHDF5_Release|Win32
		{809F6E22-2B80-4264-A220-7974EC9EDBBF}.DLLwithHDF5_Release|Win32.Build.0 = DLLwithHDF5_Release|Win32
		{809F6E22-2B80-4264-A220-7974EC9EDBBF}.Release|Win32.ActiveCfg = DLLwithHDF5_Release|Win32
		{809F6E22-2B80-4264-A220-7974EC9EDBBF}.Release|Win32.Build.0 = DLLwithHDF5_Release|Win32
		{8CC26B54-D539-4A0A-B461-26F074B790FD}.Debug|Win32.ActiveCfg = DLLwithHDF5_Debug|Win32
		{8CC26B54-D539-4A0A-B461-26F074B790FD}.Debug|Win32.Build.0 = DLLwithHDF5_Debug|Win32
		{8CC26B54-D539-4A0A-B461-26F074B790FD}.DLLwithHDF5_Debug|Win32.ActiveCfg = DLLwithHDF5_Debug|Win32
		{8CC26B54-D539-4A0A-B461-26F074B790FD}.DLLwithHDF5_Debug|Win32.Build.0 = DLLwithHDF5_Debug|Win32
		{8CC26B54-D539-4A0A-B461-26F074B790FD}.DLLwithHDF5_Release|Win32.ActiveCfg = DLLwithHDF5_Release|Win32
		{8CC26B54-D539-4A0A-B461-26F074B790FD}.DLLwithHDF5_Release|Win32.Build.0 = DLLwithHDF5_Release|Win32
		{8CC26B54-D539-4A0A-B461-26F074B790FD}.Release|Win32.ActiveCfg = DLLwithHDF5_Release|Win32
		{8CC26B54-D539-4A0A-B461-26F074B790FD}.Release|Win32.Build.0 = DLLwithHDF5_Release|Win32
		{7535A535-FDEC-4448-AF9C-C031C9EA8459}.Debug|Win32.ActiveCfg = DLLwithHDF5_Debug|Win32
		{7535A535-FDEC-4448-AF9C-C031C9EA8459}.Debug|Win32.Build.0 = DLLwithHDF5_Debug|Win32
		{7535A535-FDEC-4448-AF9C-C031C9EA8459}.DLLwithHDF5_Debug|Win32.ActiveCfg = DLLwithHDF5_Debug|Win32
		{7535A535-FDEC-4448-AF9C-C031C9EA8459}.DLLwithHDF5_Debug|Win32.Build.0 = DLLwithHDF5_Debug|Win32
		{7535A535-FDEC-4448-AF9C-C031C9EA8459}.DLLwithHDF5_Release|Win32.ActiveCfg = DLLwithHDF5_Release|Win32
		{7535A535-FDEC-4448-AF9C-C031C9EA8459}.DLLwithHDF5_Release|Win32.Build.0 = DLLwithHDF5_Release|Win32
		{7535A535-FDEC-4448-AF9C-C031C9EA8459}.Release|Win32.ActiveCfg = DLLwithHDF5_Release|Win32
		{7535A535-FDEC-4448-AF9C-C031C9EA8459}.Release|Win32.Build.0 = DLLwithHDF5_Release|Win32
		{2D46EF91-58B2-43B5-ADD7-6908D6794578}.Debug|Win32.ActiveCfg = DLLwithHDF5_Debug|Win32
		{2D46EF91-58B2-43B5-ADD7-6908D6794578}.Debug|Win32.Build.0 = DLLwithHDF5_Debug|Win32
		{2D46EF91-58B2-43B5-ADD7-6908D6794578}.DLLwithHDF5_Debug|Win32.ActiveCfg = DLLwithHDF5_Debug|Win32
		{2D46EF91-58B2-43B5-ADD7-6908D6794578}.DLLwithHDF5_Debug|Win32.Build.0 = DLLwithHDF5_Debug|Win32
		{2D46EF91-58B2-43B5-ADD7-6908D6794578}.DLLwithHDF5_Release|Win32.ActiveCfg = DLLwithHDF5_Release|Win32
		{2D46EF91-58B2-43B5-ADD7-6908D6794578}.DLLwithHDF5_Release|Win32.Build.0 = DLLwithHDF5_Release|Win32
		{2D46EF91-58B2-43B5-ADD7-6908D6794578}.Release|Win32.ActiveCfg = DLLwithHDF5_Release|Win32
		{2D46EF91-58B2-43B5-ADD7-6908D6794578}.Release|Win32.Build.0 = DLLwithHDF5_Release|Win32
		{AC0F21DF-ECA4-4B17-9829-59634B68B0D2}.Debug|Win32.ActiveCfg = DLLwithHDF5_Debug|Win32
		{AC0F21DF-ECA4-4B17-9829-59634B68B0D2}.Debug|Win32.Build.0 = DLLwithHDF5_Debug|Win32
		{AC0F21DF-ECA4-4B17-9829-59634B68B0D2}.DLLwithHDF5_Debug|Win32.ActiveCfg = DLLwithHDF5_Debug|Win32
		{AC0F21DF-ECA4-4B17-9829-59634B68B0D2}.DLLwithHDF5_Debug|Win32.Build.0 = DLLwithHDF5_Debug|Win32
		{AC0F21DF-ECA4-4B17-9829-59634B68B0D2}.DLLwithHDF5_Release|Win32.ActiveCfg = DLLwithHDF5_Release|Win32
		{AC0F21DF-ECA4-4B17-9829-59634B68B0D2}.DLLwithHDF5_Release|Win32.Build.0 = DLLwithHDF5_Release|Win32
		{AC0F21DF-ECA4-4B17-9829-59634B68B0D2}.Release|Win32.ActiveCfg = DLLwithHDF5_Release|Win32
		{AC0F21DF-ECA4-4B17-9829-59634B68B0D2}.Release|Win32.Build.0 = DLLwithHDF5_Release|Win32
		{3863899B-7F9F-4823-9383-AE2205DCB054}.Debug|Win32.ActiveCfg = DLLwithHDF5_Debug|Win32
		{3863899B-7F9F-4823-9383-AE2205DCB054}.Debug|Win32.Build.0 = DLLwithHDF5_Debug|Win32
		{3863899B-7F9F-4823-9383-AE2205DCB054}.DLLwithHDF5_Debug|Win32.ActiveCfg = DLLwithHDF5_Debug|Win32
		{3863899B-7F9F-4823-9383-AE2205DCB054}.DLLwithHDF5_Debug|Win32.Build.0 = DLLwithHDF5_Debug|Win32
		{3863899B-7F9F-4823-9383-AE2205DCB054}.DLLwithHDF5_Release|Win32.ActiveCfg = DLLwithHDF5_Release|Win32
		{3863899B-7F9F-4823-9383-AE2205DCB054}.DLLwithHDF5_Release|Win32.Build.0 = DLLwithHDF5_Release|Win32
		{3863899B-7F9F-4823-9383-AE2205DCB054}.Release|Win32.ActiveCfg = DLLwithHDF5_Release|Win32
		{3863899B-7F9F-4823-9383-AE2205DCB054}.Release|Win32.Build.0 = DLLwithHDF5_Release|Win32
		{4BCA7F35-0742-424F-8E50-39B934312F8F}.Debug|Win32.ActiveCfg = DLLwithHDF5_Debug|Win32
		{4BCA7F35-0742-424F-8E50-39B934312F8F}.Debug|Win32.Build.0 = DLLwithHDF5_Debug|Win32
		{4BCA7F35-0742-424F-8E50-39B934312F8F}.DLLwithHDF5_Debug|Win32.ActiveCfg = DLLwithHDF5_Debug|Win32
		{4BCA7F35-0742-424F-8E50-39B934312F8F}.DLLwithHDF5_Debug|Win32.Build.0 = DLLwithHDF5_Debug|Win32
		{4BCA7F35-0742-424F-8E50-39B934312F8F}.DLLwithHDF5_Release|Win32.ActiveCfg = DLLwithHDF5_Release|Win32
		{4BCA7F35-0742-424F-8E50-39B934312F8F}.DLLwithHDF5_Release|Win32.Build.0 = DLLwithHDF5_Release|Win32
		{4BCA7F35-0742-424F-8E50-39B934312F8F}.Release|Win32.ActiveCfg = DLLwithHDF5_Release|Win32
		{4BCA7F35-0742-424F-8E50-39B934312F8F}.Release|Win32.Build.0 = DLLwithHDF5_Release|Win32
		{2AFC873D-E906-4145-A0CB-6264E8CAE97D}.Debug|Win32.ActiveCfg = DLLwithHDF5_Debug|Win32
		{2AFC873D-E906-4145-A0CB-6264E8CAE97D}.Debug|Win32.Build.0 = DLLwithHDF5_Debug|Win32
		{2AFC873D-E906-4145-A0CB-6264E8CAE97D}.DLLwithHDF5_Debug|Win32.ActiveCfg = DLLwithHDF5_Debug|Win32
		{2AFC873D-E906-4145-A0CB-6264E8CAE97D}.DLLwithHDF5_Debug|Win32.Build.0 = DLLwithHDF5_Debug|Win32
		{2AFC873D-E906-4145-A0CB-6264E8CAE97D}.DLLwithHDF5_Release|Win32.ActiveCfg = DLLwithHDF5_Release|Win32
		{2AFC873D-E906-4145-A0CB-6264E8CAE97D}.DLLwithHDF5_Release|Win32.Build.0 = DLLwithHDF5_Release|Win32
		{2AFC873D-E906-4145-A0CB-6264E8CAE97D}.Release|Win32.ActiveCfg = DLLwithHDF5_Release|Win32
		{2AFC873D-E906-4145-A0CB-6264E8CAE97D}.Release|Win32.Build.0 = DLLwithHDF5_Release|Win32
		{A76CCA62-BC5F-44F8-B090-9C45DA138680}.Debug|Win32.ActiveCfg = DLLwithHDF5_Debug|Win32
		{A76CCA62-BC5F-44F8-B090-9C45DA138680}.Debug|Win32.Build.0 = DLLwithHDF5_Debug|Win32
		{A76CCA62-BC5F-44F8-B090-9C45DA138680}.DLLwithHDF5_Debug|Win32.ActiveCfg = DLLwithHDF5_Debug|Win32
		{A76CCA62-BC5F-44F8-B090-9C45DA138680}.DLLwithHDF5_Debug|Win32.Build.0 = DLLwithHDF5_Debug|Win32
		{A76CCA62-BC5F-44F8-B090-9C45DA138680}.DLLwithHDF5_Release|Win32.ActiveCfg = DLLwithHDF5_Release|Win32
		{A76CCA62-BC5F-44F8-B090-9C45DA138680}.DLLwithHDF5_Release|Win32.Build.0 = DLLwithHDF5_Release|Win32
		{A76CCA62-BC5F-44F8-B090-9C45DA138680}.Release|Win32.ActiveCfg = DLLwithHDF5_Release|Win32
		{A76CCA62-BC5F-44F8-B090-9C45DA138680}.Release|Win32.Build.0 = DLLwithHDF5_Release|Win32
		{4F6A7EC6-F141-4512-B2A8-D108CBD6FAC1}.Debug|Win32.ActiveCfg = DLLwithHDF5_Debug|Win32
		{4F6A7EC6-F141-4512-B2A8-D108CBD6FAC1}.Debug|Win32.Build.0 = DLLwithHDF5_Debug|Win32
		{4F6A7EC6-F141-4512-B2A8-D108CBD6FAC1}.DLLwithHDF5_Debug|Win32.ActiveCfg = DLLwithHDF5_Debug|Win32
		{4F6A7EC6-F141-4512-B2A8-D108CBD6FAC1}.DLLwithHDF5_Debug|Win32.Build.0 = DLLwithHDF5_Debug|Win32
		{4F6A7EC6-F141-4512-B2A8-D108CBD6FAC1}.DLLwithHDF5_Release|Win32.ActiveCfg = DLLwithHDF5_Release|Win32
		{4F6A7EC6-F141-4512-B2A8-D108CBD6FAC1}.DLLwithHDF5_Release|Win32.Build.0 = DLLwithHDF5_Release|Win32
		{4F6A7EC6-F141-4512-B2A8-D108CBD6FAC1}.Release|Win32.ActiveCfg = DLLwithHDF5_Release|Win32
		{4F6A7EC6-F141-4512-B2A8-D108CBD6FAC1}.Release|Win32.Build.0 = DLLwithHDF5_Release|Win32
		{025CFEA1-6C43-404D-9DA4-5392A17FA162}.Debug|Win32.ActiveCfg = DLLwithHDF5_Debug|Win32
		{025CFEA1-6C43-404D-9DA4-5392A17FA162}.Debug|Win32.Build.0 = DLLwithHDF5_Debug|Win32
		{025CFEA1-6C43-404D-9DA4-5392A17FA162}.DLLwithHDF5_Debug|Win32.ActiveCfg = DLLwithHDF5_Debug|Win32
		{025CFEA1-6C43-404D-9DA4-5392A17FA162}.DLLwithHDF5_Debug|Win32.Build.0 = DLLwithHDF5_Debug|Win32
		{025CFEA1-6C43-404D-9DA4-5392A17FA162}.DLLwithHDF5_Release|Win32.ActiveCfg = DLLwithHDF5_Release|Win32
		{025CFEA1-6C43-404D-9DA4-5392A17FA162}.DLLwithHDF5_Release|Win32.Build.0 = DLLwithHDF5_Release|Win32
		{025CFEA1-6C43-404D-9DA4-5392A17FA162}.Release|Win32.ActiveCfg = DLLwithHDF5_Release|Win32
		{025CFEA1-6C43-404D-9DA4-5392A17FA162}.Release|Win32.Build.0 = DLLwithHDF5_Release|Win32
		{8C6BC636-FF71-4D58-9D63-E12265523982}.Debug|Win32.ActiveCfg = DLLwithHDF5_Debug|Win32
		{8C6BC636-FF71-4D58-9D63-E12265523982}.Debug|Win32.Build.0 = DLLwithHDF5_Debug|Win32
		{8C6BC636-FF71-4D58-9D63-E12265523982}.DLLwithHDF5_Debug|Win32.ActiveCfg = DLLwithHDF5_Debug|Win32
		{8C6BC636-FF71-4D58-9D63-E12265523982}.DLLwithHDF5_Debug|Win32.Build.0 = DLLwithHDF5_Debug|Win32
		{8C6BC636-FF71-4D58-9D63-E12265523982}.DLLwithHDF5_Release|Win32.ActiveCfg = DLLwithHDF5_Release|Win32
		{8C6BC636-FF71-4D58-9D63-E12265523982}.DLLwithHDF5_Release|Win32.Build.0 = DLLwithHDF5_Release|Win32
		{8C6BC636-FF71-4D58-9D63-E12265523982}.Release|Win32.ActiveCfg = DLLwithHDF5_Release|Win32
		{8C6BC636-FF71-4D58-9D63-E12265523982}.Release|Win32.Build.0 = DLLwithHDF5_Release|Win32
		{4D5EA26A-8356-4665-A13D-51CCEE2BA7F4}.Debug|Win32.ActiveCfg = DLLwithHDF5_Debug|Win32
		{4D5EA26A-8356-4665-A13D-51CCEE2BA7F4}.Debug|Win32.Build.0 = DLLwithHDF5_Debug|Win32
		{4D5EA26A-8356-4665-A13D-51CCEE2BA7F4}.DLLwithHDF5_Debug|Win32.ActiveCfg = DLLwithHDF5_Debug|Win32
		{4D5EA26A-8356-4665-A13D-51CCEE2BA7F4}.DLLwithHDF5_Debug|Win32.Build.0 = DLLwithHDF5_Debug|Win32
		{4D5EA26A-8356-4665-A13D-51CCEE2BA7F4}.DLLwithHDF5_Release|Win32.ActiveCfg = DLLwithHDF5_Release|Win32
		{4D5EA26A-8356-4665-A13D-51CCEE2BA7F4}.DLLwithHDF5_Release|Win32.Build.0 = DLLwithHDF5_Release|Win32
		{4D5EA26A-8356-4665-A13D-51CCEE2BA7F4}.Release|Win32.ActiveCfg = DLLwithHDF5_Release|Win32
		{4D5EA26A-8356-4665-A13D-51CCEE2BA7F4}.Release|Win32.Build.0 = DLLwithHDF5_Release|Win32
		{A9F76A7B-20A1-4D93-9444-175824B7B3DF}.Debug|Win32.ActiveCfg = DLLwithHDF5_Debug|Win32
		{A9F76A7B-20A1-4D93-9444-175824B7B3DF}.Debug|Win32.Build.0 = DLLwithHDF5_Debug|Win32
		{A9F76A7B-20A1-4D93-9444-175824B7B3DF}.DLLwithHDF5_Debug|Win32.ActiveCfg = DLLwithHDF5_Debug|Win32
		{A9F76A7B-20A1-4D93-9444-175824B7B3DF}.DLLwithHDF5_Debug|Win32.Build.0 = DLLwithHDF5_Debug|Win32
		{A9F76A7B-20A1-4D93-9444-175824B7B3DF}.DLLwithHDF5_Release|Win32.ActiveCfg = DLLwithHDF5_Release|Win32
		{A9F76A7B-20A1-4D93-9444-175824B7B3DF}.DLLwithHDF5_Release|Win32.Build.0 = DLLwithHDF5_Release|Win32
		{A9F76A7B-20A1-4D93-9444-175824B7B3DF}.Release|Win32.ActiveCfg = DLLwithHDF5_Release|Win32
		{A9F76A7B-20A1-4D93-9444-175824B7B3DF}.Release|Win32.Build.0 = DLLwithHDF5_Release|Win32
		{B3C7F964-68B8-4F8C-B5E7-7607836FB101}.Debug|Win32.ActiveCfg = DLLwithHDF5_Debug|Win32
		{B3C7F964-68B8-4F8C-B5E7-7607836FB101}.Debug|Win32.Build.0 = DLLwithHDF5_Debug|Win32
		{B3C7F964-68B8-4F8C-B5E7-7607836FB101}.DLLwithHDF5_Debug|Win32.ActiveCfg = DLLwithHDF5_Debug|Win32
		{B3C7F964-68B8-4F8C-B5E7-7607836FB101}.DLLwithHDF5_Debug|Win32.Build.0 = DLLwithHDF5_Debug|Win32
		{B3C7F964-68B8-4F8C-B5E7-7607836FB101}.DLLwithHDF5_Release|Win32.ActiveCfg = DLLwithHDF5_Release|Win32
		{B3C7F964-68B8-4F8C-B5E7-7607836FB101}.DLLwithHDF5_Release|Win32.Build.0 = DLLwithHDF5_Release|Win32
		{B3C7F964-68B8-4F8C-B5E7-7607836FB101}.Release|Win32.ActiveCfg = DLLwithHDF5_Release|Win32
		{B3C7F964-68B8-4F8C-B5E7-7607836FB101}.Release|Win32.Build.0 = DLLwithHDF5_Release|Win32
		{7AB46C61-04D5-4E77-AD3F-E7726F3E173A}.Debug|Win32.ActiveCfg = DLLwithHDF5_Debug|Win32
		{7AB46C61-04D5-4E77-AD3F-E7726F3E173A}.Debug|Win32.Build.0 = DLLwithHDF5_Debug|Win32
		{7AB46C61-04D5-4E77-AD3F-E7726F3E173A}.DLLwithHDF5_Debug|Win32.ActiveCfg = DLLwithHDF5_Debug|Win32
		{7AB46C61-04D5-4E77-AD3F-E7726F3E173A}.DLLwithHDF5_Debug|Win32.Build.0 = DLLwithHDF5_Debug|Win32
		{7AB46C61-04D5-4E77-AD3F-E7726F3E173A}.DLLwithHDF5_Release|Win32.ActiveCfg = DLLwithHDF5_Release|Win32
		{7AB46C61-04D5-4E77-AD3F-E7726F3E173A}.DLLwithHDF5_Release|Win32.Build.0 = DLLwithHDF5_Release|Win32
		{7AB46C61-04D5-4E77-AD3F-E7726F3E173A}.Release|Win32.ActiveCfg = DLLwithHDF5_Release|Win32
		{7AB46C61-04D5-4E77-AD3F-E7726F3E173A}.Release|Win32.Build.0 = DLLwithHDF5_Release|Win32
		{7A5F618C-F98A-4F8E-BBC7-C4F5C6BCD5A4}.Debug|Win32.ActiveCfg = DLLwithHDF5_Debug|Win32
		{7A5F618C-F98A-4F8E-BBC7-C4F5C6BCD5A4}.Debug|Win32.Build.0 = DLLwithHDF5_Debug|Win32
		{7A5F618C-F98A-4F8E-BBC7-C4F5C6BCD5A4}.DLLwithHDF5_Debug|Win32.ActiveCfg = DLLwithHDF5_Debug|Win32
		{7A5F618C-F98A-4F8E-BBC7-C4F5C6BCD5A4}.DLLwithHDF5_Debug|Win32.Build.0 = DLLwithHDF5_Debug|Win32
		{7A5F618C-F98A-4F8E-BBC7-C4F5C6BCD5A4}.DLLwithHDF5_Release|Win32.ActiveCfg = DLLwithHDF5_Release|Win32
		{7A5F618C-F98A-4F8E-BBC7-C4F5C6BCD5A4}.DLLwithHDF5_Release|Win32.Build.0 = DLLwithHDF5_Release|Win32
		{7A5F618C-F98A-4F8E-BBC7-C4F5C6BCD5A4}.Release|Win32.ActiveCfg = DLLwithHDF5_Release|Win32
		{7A5F618C-F98A-4F8E-BBC7-C4F5C6BCD5A4}.Release|Win32.Build.0 = DLLwithHDF5_Release|Win32
		{27C64509-94EB-406D-9978-93AE531CEB1E}.Debug|Win32.ActiveCfg = DLLwithHDF5_Debug|Win32
		{27C64509-94EB-406D-9978-93AE531CEB1E}.Debug|Win32.Build.0 = DLLwithHDF5_Debug|Win32
		{27C64509-94EB-406D-9978-93AE531CEB1E}.DLLwithHDF5_Debug|Win32.ActiveCfg = DLLwithHDF5_Debug|Win32
		{27C64509-94EB-406D-9978-93AE531CEB1E}.DLLwithHDF5_Debug|Win32.Build.0 = DLLwithHDF5_Debug|Win32
		{27C64509-94EB-406D-9978-93AE531CEB1E}.DLLwithHDF5_Release|Win32.ActiveCfg = DLLwithHDF5_Release|Win32
		{27C64509-94EB-406D-9978-93AE531CEB1E}.DLLwithHDF5_Release|Win32.Build.0 = DLLwithHDF5_Release|Win32
		{27C64509-94EB-406D-9978-93AE531CEB1E}.Release|Win32.ActiveCfg = DLLwithHDF5_Release|Win32
		{27C64509-94EB-406D-9978-93AE531CEB1E}.Release|Win32.Build.0 = DLLwithHDF5_Release|Win32
		{8C02951E-155B-4D09-A1DD-F98695F02A0E}.Debug|Win32.ActiveCfg = DLLwithHDF5_Debug|Win32
		{8C02951E-155B-4D09-A1DD-F98695F02A0E}.Debug|Win32.Build.0 = DLLwithHDF5_Debug|Win32
		{8C02951E-155B-4D09-A1DD-F98695F02A0E}.DLLwithHDF5_Debug|Win32.ActiveCfg = DLLwithHDF5_Debug|Win32
		{8C02951E-155B-4D09-A1DD-F98695F02A0E}.DLLwithHDF5_Debug|Win32.Build.0 = DLLwithHDF5_Debug|Win32
		{8C02951E-155B-4D09-A1DD-F98695F02A0E}.DLLwithHDF5_Release|Win32.ActiveCfg = DLLwithHDF5_Release|Win32
		{8C02951E-155B-4D09-A1DD-F98695F02A0E}.DLLwithHDF5_Release|Win32.Build.0 = DLLwithHDF5_Release|Win32
		{8C02951E-155B-4D09-A1DD-F98695F02A0E}.Release|Win32.ActiveCfg = DLLwithHDF5_Release|Win32
		{8C02951E-155B-4D09-A1DD-F98695F02A0E}.Release|Win32.Build.0 = DLLwithHDF5_Release|Win32
		{29110B58-9FD5-4A8E-B9F7-064650EE16C6}.Debug|Win32.ActiveCfg = DLLwithHDF5_Debug|Win32
		{29110B58-9FD5-4A8E-B9F7-064650EE16C6}.Debug|Win32.Build.0 = DLLwithHDF5_Debug|Win32
		{29110B58-9FD5-4A8E-B9F7-064650EE16C6}.DLLwithHDF5_Debug|Win32.ActiveCfg = DLLwithHDF5_Debug|Win32
		{29110B58-9FD5-4A8E-B9F7-064650EE16C6}.DLLwithHDF5_Debug|Win32.Build.0 = DLLwithHDF5_Debug|Win32
		{29110B58-9FD5-4A8E-B9F7-064650EE16C6}.DLLwithHDF5_Release|Win32.ActiveCfg = DLLwithHDF5_Release|Win32
		{29110B58-9FD5-4A8E-B9F7-064650EE16C6}.DLLwithHDF5_Release|Win32.Build.0 = DLLwithHDF5_Release|Win32
		{29110B58-9FD5-4A8E-B9F7-064650EE16C6}.Release|Win32.ActiveCfg = DLLwithHDF5_Release|Win32
		{29110B58-9FD5-4A8E-B9F7-064650EE16C6}.Release|Win32.Build.0 = DLLwithHDF5_Release|Win32
		{D47B6498-6A8D-4E87-A3B6-C6D08DF29FE2}.Debug|Win32.ActiveCfg = DLLwithHDF5_Debug|Win32
		{D47B6498-6A8D-4E87-A3B6-C6D08DF29FE2}.Debug|Win32.Build.0 = DLLwithHDF5_Debug|Win32
		{D47B6498-6A8D-4E87-A3B6-C6D08DF29FE2}.DLLwithHDF5_Debug|Win32.ActiveCfg = DLLwithHDF5_Debug|Win32
		{D47B6498-6A8D-4E87-A3B6-C6D08DF29FE2}.DLLwithHDF5_Debug|Win32.Build.0 = DLLwithHDF5_Debug|Win32
		{D47B6498-6A8D-4E87-A3B6-C6D08DF29FE2}.DLLwithHDF5_Release|Win32.ActiveCfg = DLLwithHDF5_Release|Win32
		{D47B6498-6A8D-4E87-A3B6-C6D08DF29FE2}.DLLwithHDF5_Release|Win32.Build.0 = DLLwithHDF5_Release|Win32
		{D47B6498-6A8D-4E87-A3B6-C6D08DF29FE2}.Release|Win32.ActiveCfg = DLLwithHDF5_Release|Win32
		{D47B6498-6A8D-4E87-A3B6-C6D08DF29FE2}.Release|Win32.Build.0 = DLLwithHDF5_Release|Win32
		{64A6CE79-710F-405C-AAE8-F604E74A4374}.Debug|Win32.ActiveCfg = DLLwithHDF5_Debug|Win32
		{64A6CE79-710F-405C-AAE8-F604E74A4374}.Debug|Win32.Build.0 = DLLwithHDF5_Debug|Win32
		{64A6CE79-710F-405C-AAE8-F604E74A4374}.DLLwithHDF5_Debug|Win32.ActiveCfg = DLLwithHDF5_Debug|Win32
		{64A6CE79-710F-405C-AAE8-F604E74A4374}.DLLwithHDF5_Debug|Win32.Build.0 = DLLwithHDF5_Debug|Win32
		{64A6CE79-710F-405C-AAE8-F604E74A4374}.DLLwithHDF5_Release|Win32.ActiveCfg = DLLwithHDF5_Release|Win32
		{64A6CE79-710F-405C-AAE8-F604E74A4374}.DLLwithHDF5_Release|Win32.Build.0 = DLLwithHDF5_Release|Win32
		{64A6CE79-710F-405C-AAE8-F604E74A4374}.Release|Win32.ActiveCfg = DLLwithHDF5_Release|Win32
		{64A6CE79-710F-405C-AAE8-F604E74A4374}.Release|Win32.Build.0 = DLLwithHDF5_Release|Win32
		{C065DCD0-DE87-4B6E-A1E6-8F7EDB272D53}.Debug|Win32.ActiveCfg = DLLwithHDF5_Debug|Win32
		{C065DCD0-DE87-4B6E-A1E6-8F7EDB272D53}.Debug|Win32.Build.0 = DLLwithHDF5_Debug|Win32
		{C065DCD0-DE87-4B6E-A1E6-8F7EDB272D53}.DLLwithHDF5_Debug|Win32.ActiveCfg = DLLwithHDF5_Debug|Win32
		{C065DCD0-DE87-4B6E-A1E6-8F7EDB272D53}.DLLwithHDF5_Debug|Win32.Build.0 = DLLwithHDF5_Debug|Win32
		{C065DCD0-DE87-4B6E-A1E6-8F7EDB272D53}.DLLwithHDF5_Release|Win32.ActiveCfg = DLLwithHDF5_Release|Win32
		{C065DCD0-DE87-4B6E-A1E6-8F7EDB272D53}.DLLwithHDF5_Release|Win32.Build.0 = DLLwithHDF5_Release|Win32
		{C065DCD0-DE87-4B6E-A1E6-8F7EDB272D53}.Release|Win32.ActiveCfg = DLLwithHDF5_Release|Win32
		{C065DCD0-DE87-4B6E-A1E6-8F7EDB272D53}.Release|Win32.Build.0 = DLLwithHDF5_Release|Win32
		{9B955616-D58C-4ED8-AB6F-FBA74E768B54}.Debug|Win32.ActiveCfg = DLLwithHDF5_Debug|Win32
		{9B955616-D58C-4ED8-AB6F-FBA74E768B54}.Debug|Win32.Build.0 = DLLwithHDF5_Debug|Win32
		{9B955616-D58C-4ED8-AB6F-FBA74E768B54}.DLLwithHDF5_Debug|Win32.ActiveCfg = DLLwithHDF5_Debug|Win32
		{9B955616-D58C-4ED8-AB6F-FBA74E768B54}.DLLwithHDF5_Debug|Win32.Build.0 = DLLwithHDF5_Debug|Win32
		{9B955616-D58C-4ED8-AB6F-FBA74E768B54}.DLLwithHDF5_Release|Win32.ActiveCfg = DLLwithHDF5_Release|Win32
		{9B955616-D58C-4ED8-AB6F-FBA74E768B54}.DLLwithHDF5_Release|Win32.Build.0 = DLLwithHDF5_Release|Win32
		{9B955616-D58C-4ED8-AB6F-FBA74E768B54}.Release|Win32.ActiveCfg = DLLwithHDF5_Release|Win32
		{9B955616-D58C-4ED8-AB6F-FBA74E768B54}.Release|Win32.Build.0 = DLLwithHDF5_Release|Win32
		{94D10A14-5A9B-4E1E-B204-DE3196750126}.Debug|Win32.ActiveCfg = DLLwithHDF5_Debug|Win32
		{94D10A14-5A9B-4E1E-B204-DE3196750126}.Debug|Win32.Build.0 = DLLwithHDF5_Debug|Win32
		{94D10A14-5A9B-4E1E-B204-DE3196750126}.DLLwithHDF5_Debug|Win32.ActiveCfg = DLLwithHDF5_Debug|Win32
		{94D10A14-5A9B-4E1E-B204-DE3196750126}.DLLwithHDF5_Debug|Win32.Build.0 = DLLwithHDF5_Debug|Win32
		{94D10A14-5A9B-4E1E-B204-DE3196750126}.DLLwithHDF5_Release|Win32.ActiveCfg = DLLwithHDF5_Release|Win32
		{94D10A14-5A9B-4E1E-B204-DE3196750126}.DLLwithHDF5_Release|Win32.Build.0 = DLLwithHDF5_Release|Win32
		{94D10A14-5A9B-4E1E-B204-DE3196750126}.Release|Win32.ActiveCfg = DLLwithHDF5_Release|Win32
		{94D10A14-5A9B-4E1E-B204-DE3196750126}.Release|Win32.Build.0 = DLLwithHDF5_Release|Win32
		{CBBCFD38-0F91-4CA2-8CBF-2833AC284438}.Debug|Win32.ActiveCfg = DLLwithHDF5_Debug|Win32
		{CBBCFD38-0F91-4CA2-8CBF-2833AC284438}.Debug|Win32.Build.0 = DLLwithHDF5_Debug|Win32
		{CBBCFD38-0F91-4CA2-8CBF-2833AC284438}.DLLwithHDF5_Debug|Win32.ActiveCfg = DLLwithHDF5_Debug|Win32
		{CBBCFD38-0F91-4CA2-8CBF-2833AC284438}.DLLwithHDF5_Debug|Win32.Build.0 = DLLwithHDF5_Debug|Win32
		{CBBCFD38-0F91-4CA2-8CBF-2833AC284438}.DLLwithHDF5_Release|Win32.ActiveCfg = DLLwithHDF5_Release|Win32
		{CBBCFD38-0F91-4CA2-8CBF-2833AC284438}.DLLwithHDF5_Release|Win32.Build.0 = DLLwithHDF5_Release|Win32
		{CBBCFD38-0F91-4CA2-8CBF-2833AC284438}.Release|Win32.ActiveCfg = DLLwithHDF5_Release|Win32
		{CBBCFD38-0F91-4CA2-8CBF-2833AC284438}.Release|Win32.Build.0 = DLLwithHDF5_Release|Win32
		{B8FE1ABF-E1AD-41C7-AFAE-333BAB3636E1}.Debug|Win32.ActiveCfg = DLLwithHDF5_Debug|Win32
		{B8FE1ABF-E1AD-41C7-AFAE-333BAB3636E1}.Debug|Win32.Build.0 = DLLwithHDF5_Debug|Win32
		{B8FE1ABF-E1AD-41C7-AFAE-333BAB3636E1}.DLLwithHDF5_Debug|Win32.ActiveCfg = DLLwithHDF5_Debug|Win32
		{B8FE1ABF-E1AD-41C7-AFAE-333BAB3636E1}.DLLwithHDF5_Debug|Win32.Build.0 = DLLwithHDF5_Debug|Win32
		{B8FE1ABF-E1AD-41C7-AFAE-333BAB3636E1}.DLLwithHDF5_Release|Win32.ActiveCfg = DLLwithHDF5_Release|Win32
		{B8FE1ABF-E1AD-41C7-AFAE-333BAB3636E1}.DLLwithHDF5_Release|Win32.Build.0 = DLLwithHDF5_Release|Win32
		{B8FE1ABF-E1AD-41C7-AFAE-333BAB3636E1}.Release|Win32.ActiveCfg = DLLwithHDF5_Release|Win32
		{B8FE1ABF-E1AD-41C7-AFAE-333BAB3636E1}.Release|Win32.Build.0 = DLLwithHDF5_Release|Win32
		{69340E63-F15C-4A33-85B7-344666F8F25C}.Debug|Win32.ActiveCfg = DLLwithHDF5_Debug|Win32
		{69340E63-F15C-4A33-85B7-344666F8F25C}.Debug|Win32.Build.0 = DLLwithHDF5_Debug|Win32
		{69340E63-F15C-4A33-85B7-344666F8F25C}.DLLwithHDF5_Debug|Win32.ActiveCfg = DLLwithHDF5_Debug|Win32
		{69340E63-F15C-4A33-85B7-344666F8F25C}.DLLwithHDF5_Debug|Win32.Build.0 = DLLwithHDF5_Debug|Win32
		{69340E63-F15C-4A33-85B7-344666F8F25C}.DLLwithHDF5_Release|Win32.ActiveCfg = DLLwithHDF5_Release|Win32
		{69340E63-F15C-4A33-85B7-344666F8F25C}.DLLwithHDF5_Release|Win32.Build.0 = DLLwithHDF5_Release|Win32
		{69340E63-F15C-4A33-85B7-344666F8F25C}.Release|Win32.ActiveCfg = DLLwithHDF5_Release|Win32
		{69340E63-F15C-4A33-85B7-344666F8F25C}.Release|Win32.Build.0 = DLLwithHDF5_Release|Win32
		{D839F6C1-3736-4269-A5E7-30B2BC1CBCCD}.Debug|Win32.ActiveCfg = DLLwithHDF5_Debug|Win32
		{D839F6C1-3736-4269-A5E7-30B2BC1CBCCD}.Debug|Win32.Build.0 = DLLwithHDF5_Debug|Win32
		{D839F6C1-3736-4269-A5E7-30B2BC1CBCCD}.DLLwithHDF5_Debug|Win32.ActiveCfg = DLLwithHDF5_Debug|Win32
		{D839F6C1-3736-4269-A5E7-30B2BC1CBCCD}.DLLwithHDF5_Debug|Win32.Build.0 = DLLwithHDF5_Debug|Win32
		{D839F6C1-3736-4269-A5E7-30B2BC1CBCCD}.DLLwithHDF5_Release|Win32.ActiveCfg = DLLwithHDF5_Release|Win32
		{D839F6C1-3736-4269-A5E7-30B2BC1CBCCD}.DLLwithHDF5_Release|Win32.Build.0 = DLLwithHDF5_Release|Win32
		{D839F6C1-3736-4269-A5E7-30B2BC1CBCCD}.Release|Win32.ActiveCfg = DLLwithHDF5_Release|Win32
		{D839F6C1-3736-4269-A5E7-30B2BC1CBCCD}.Release|Win32.Build.0 = DLLwithHDF5_Release|Win32
		{A1F2E6F2-6E49-4746-9133-9DF0A404C7DB}.Debug|Win32.ActiveCfg = DLLwithHDF5_Debug|Win32
		{A1F2E6F2-6E49-4746-9133-9DF0A404C7DB}.Debug|Win32.Build.0 = DLLwithHDF5_Debug|Win32
		{A1F2E6F2-6E49-4746-9133-9DF0A404C7DB}.DLLwithHDF5_Debug|Win32.ActiveCfg = DLLwithHDF5_Debug|Win32
		{A1F2E6F2-6E49-4746-9133-9DF0A404C7DB}.DLLwithHDF5_Debug|Win32.Build.0 = DLLwithHDF5_Debug|Win32
		{A1F2E6F2-6E49-4746-9133-9DF0A404C7DB}.DLLwithHDF5_Release|Win32.ActiveCfg = DLLwithHDF5_Release|Win32
		{A1F2E6F2-6E49-4746-9133-9DF0A404C7DB}.DLLwithHDF5_Release|Win32.Build.0 = DLLwithHDF5_Release|Win32
		{A1F2E6F2-6E49-4746-9133-9DF0A404C7DB}.Release|Win32.ActiveCfg = DLLwithHDF5_Release|Win32
		{A1F2E6F2-6E49-4746-9133-9DF0A404C7DB}.Release|Win32.Build.0 = DLLwithHDF5_Release|Win32
		{D08D4EA4-8AF5-4FD2-BFBE-4FFB247B2A35}.Debug|Win32.ActiveCfg = DLLwithHDF5_Debug|Win32
		{D08D4EA4-8AF5-4FD2-BFBE-4FFB247B2A35}.Debug|Win32.Build.0 = DLLwithHDF5_Debug|Win32
		{D08D4EA4-8AF5-4FD2-BFBE-4FFB247B2A35}.DLLwithHDF5_Debug|Win32.ActiveCfg = DLLwithHDF5_Debug|Win32
		{D08D4EA4-8AF5-4FD2-BFBE-4FFB247B2A35}.DLLwithHDF5_Debug|Win32.Build.0 = DLLwithHDF5_Debug|Win32
		{D08D4EA4-8AF5-4FD2-BFBE-4FFB247B2A35}.DLLwithHDF5_Release|Win32.ActiveCfg = DLLwithHDF5_Release|Win32
		{D08D4EA4-8AF5-4FD2-BFBE-4FFB247B2A35}.DLLwithHDF5_Release|Win32.Build.0 = DLLwithHDF5_Release|Win32
		{D08D4EA4-8AF5-4FD2-BFBE-4FFB247B2A35}.Release|Win32.ActiveCfg = DLLwithHDF5_Release|Win32
		{D08D4EA4-8AF5-4FD2-BFBE-4FFB247B2A35}.Release|Win32.Build.0 = DLLwithHDF5_Release|Win32
		{595357B8-132D-4F3E-9679-6E52B474E8A5}.Debug|Win32.ActiveCfg = DLLwithHDF5_Debug|Win32
		{595357B8-132D-4F3E-9679-6E52B474E8A5}.Debug|Win32.Build.0 = DLLwithHDF5_Debug|Win32
		{595357B8-132D-4F3E-9679-6E52B474E8A5}.DLLwithHDF5_Debug|Win32.ActiveCfg = DLLwithHDF5_Debug|Win32
		{595357B8-132D-4F3E-9679-6E52B474E8A5}.DLLwithHDF5_Debug|Win32.Build.0 = DLLwithHDF5_Debug|Win32
		{595357B8-132D-4F3E-9679-6E52B474E8A5}.DLLwithHDF5_Release|Win32.ActiveCfg = DLLwithHDF5_Release|Win32
		{595357B8-132D-4F3E-9679-6E52B474E8A5}.DLLwithHDF5_Release|Win32.Build.0 = DLLwithHDF5_Release|Win32
		{595357B8-132D-4F3E-9679-6E52B474E8A5}.Release|Win32.ActiveCfg = DLLwithHDF5_Release|Win32
		{595357B8-132D-4F3E-9679-6E52B474E8A5}.Release|Win32.Build.0 = DLLwithHDF5_Release|Win32
		{EC9BB75A-9691-4DAF-A876-5116DDCBAFBC}.Debug|Win32.ActiveCfg = DLLwithHDF5_Debug|Win32
		{EC9BB75A-9691-4DAF-A876-5116DDCBAFBC}.Debug|Win32.Build.0 = DLLwithHDF5_Debug|Win32
		{EC9BB75A-9691-4DAF-A876-5116DDCBAFBC}.DLLwithHDF5_Debug|Win32.ActiveCfg = DLLwithHDF5_Debug|Win32
		{EC9BB75A-9691-4DAF-A876-5116DDCBAFBC}.DLLwithHDF5_Debug|Win32.Build.0 = DLLwithHDF5_Debug|Win32
		{EC9BB75A-9691-4DAF-A876-5116DDCBAFBC}.DLLwithHDF5_Release|Win32.ActiveCfg = DLLwithHDF5_Release|Win32
		{EC9BB75A-9691-4DAF-A876-5116DDCBAFBC}.DLLwithHDF5_Release|Win32.Build.0 = DLLwithHDF5_Release|Win32
		{EC9BB75A-9691-4DAF-A876-5116DDCBAFBC}.Release|Win32.ActiveCfg = DLLwithHDF5_Release|Win32
		{EC9BB75A-9691-4DAF-A876-5116DDCBAFBC}.Release|Win32.Build.0 = DLLwithHDF5_Release|Win32
		{12C054D3-D396-45F9-912E-8A7FF6548738}.Debug|Win32.ActiveCfg = DLLwithHDF5_Debug|Win32
		{12C054D3-D396-45F9-912E-8A7FF6548738}.Debug|Win32.Build.0 = DLLwithHDF5_Debug|Win32
		{12C054D3-D396-45F9-912E-8A7FF6548738}.DLLwithHDF5_Debug|Win32.ActiveCfg = DLLwithHDF5_Debug|Win32
		{12C054D3-D396-45F9-912E-8A7FF6548738}.DLLwithHDF5_Debug|Win32.Build.0 = DLLwithHDF5_Debug|Win32
		{12C054D3-D396-45F9-912E-8A7FF6548738}.DLLwithHDF5_Release|Win32.ActiveCfg = DLLwithHDF5_Release|Win32
		{12C054D3-D396-45F9-912E-8A7FF6548738}.DLLwithHDF5_Release|Win32.Build.0 = DLLwithHDF5_Release|Win32
		{12C054D3-D396-45F9-912E-8A7FF6548738}.Release|Win32.ActiveCfg = DLLwithHDF5_Release|Win32
		{12C054D3-D396-45F9-912E-8A7FF6548738}.Release|Win32.Build.0 = DLLwithHDF5_Release|Win32
		{BCC584B3-571E-4441-8ABF-D2CDD0646116}.Debug|Win32.ActiveCfg = DLLwithHDF5_Debug|Win32
		{BCC584B3-571E-4441-8ABF-D2CDD0646116}.Debug|Win32.Build.0 = DLLwithHDF5_Debug|Win32
		{BCC584B3-571E-4441-8ABF-D2CDD0646116}.DLLwithHDF5_Debug|Win32.ActiveCfg = DLLwithHDF5_Debug|Win32
		{BCC584B3-571E-4441-8ABF-D2CDD0646116}.DLLwithHDF5_Debug|Win32.Build.0 = DLLwithHDF5_Debug|Win32
		{BCC584B3-571E-4441-8ABF-D2CDD0646116}.DLLwithHDF5_Release|Win32.ActiveCfg = DLLwithHDF5_Release|Win32
		{BCC584B3-571E-4441-8ABF-D2CDD0646116}.DLLwithHDF5_Release|Win32.Build.0 = DLLwithHDF5_Release|Win32
		{BCC584B3-571E-4441-8ABF-D2CDD0646116}.Release|Win32.ActiveCfg = DLLwithHDF5_Release|Win32
		{BCC584B3-571E-4441-8ABF-D2CDD0646116}.Release|Win32.Build.0 = DLLwithHDF5_Release|Win32
		{A8A0C0C5-A117-4430-B47A-E98603255D01}.Debug|Win32.ActiveCfg = DLLwithHDF5_Debug|Win32
		{A8A0C0C5-A117-4430-B47A-E98603255D01}.Debug|Win32.Build.0 = DLLwithHDF5_Debug|Win32
		{A8A0C0C5-A117-4430-B47A-E98603255D01}.DLLwithHDF5_Debug|Win32.ActiveCfg = DLLwithHDF5_Debug|Win32
		{A8A0C0C5-A117-4430-B47A-E98603255D01}.DLLwithHDF5_Debug|Win32.Build.0 = DLLwithHDF5_Debug|Win32
		{A8A0C0C5-A117-4430-B47A-E98603255D01}.DLLwithHDF5_Release|Win32.ActiveCfg = DLLwithHDF5_Release|Win32
		{A8A0C0C5-A117-4430-B47A-E98603255D01}.DLLwithHDF5_Release|Win32.Build.0 = DLLwithHDF5_Release|Win32
		{A8A0C0C5-A117-4430-B47A-E98603255D01}.Release|Win32.ActiveCfg = DLLwithHDF5_Release|Win32
		{A8A0C0C5-A117-4430-B47A-E98603255D01}.Release|Win32.Build.0 = DLLwithHDF5_Release|Win32
	EndGlobalSection
	GlobalSection(SolutionProperties) = preSolution
		HideSolutionNode = FALSE
	EndGlobalSection
EndGlobal
