Microsoft Visual Studio Solution File, Format Version 8.00
Project("{8BC9CEB8-8B4A-11D0-8D11-00A0C91BC942}") = "silex", "silex.vcproj", "{3D443B05-403C-4907-8F50-DC396DB6BB23}"
	ProjectSection(ProjectDependencies) = postProject
		{20BFB7B0-9F43-43BB-B188-555DEA431CDF} = {20BFB7B0-9F43-43BB-B188-555DEA431CDF}
	EndProjectSection
EndProject
Project("{8BC9CEB8-8B4A-11D0-8D11-00A0C91BC942}") = "Silo", "Silo.vcproj", "{20BFB7B0-9F43-43BB-B188-555DEA431CDF}"
	ProjectSection(ProjectDependencies) = postProject
		{ACA6F567-1814-4F0C-81C9-CAD958D1193F} = {ACA6F567-1814-4F0C-81C9-CAD958D1193F}
	EndProjectSection
EndProject
Project("{8BC9CEB8-8B4A-11D0-8D11-00A0C91BC942}") = "pdb_detect", "pdb_detect\pdb_detect.vcproj", "{ACA6F567-1814-4F0C-81C9-CAD958D1193F}"
	ProjectSection(ProjectDependencies) = postProject
	EndProjectSection
EndProject
Global
	GlobalSection(SolutionConfiguration) = preSolution
		Debug = Debug
		DLL_Debug = DLL_Debug
		DLL_Release = DLL_Release
		DLLwithHDF5_Debug = DLLwithHDF5_Debug
		DLLwithHDF5_Release = DLLwithHDF5_Release
		Release = Release
		StaticLib_Debug = StaticLib_Debug
		StaticLib_Release = StaticLib_Release
		StaticLibwithHDF5_Debug = StaticLibwithHDF5_Debug
		StaticLibwithHDF5_Release = StaticLibwithHDF5_Release
	EndGlobalSection
	GlobalSection(ProjectConfiguration) = postSolution
		{3D443B05-403C-4907-8F50-DC396DB6BB23}.Debug.ActiveCfg = StaticLib_Debug|Win32
		{3D443B05-403C-4907-8F50-DC396DB6BB23}.Debug.Build.0 = StaticLib_Debug|Win32
		{3D443B05-403C-4907-8F50-DC396DB6BB23}.DLL_Debug.ActiveCfg = DLL_Debug|Win32
		{3D443B05-403C-4907-8F50-DC396DB6BB23}.DLL_Debug.Build.0 = DLL_Debug|Win32
		{3D443B05-403C-4907-8F50-DC396DB6BB23}.DLL_Release.ActiveCfg = DLL_Release|Win32
		{3D443B05-403C-4907-8F50-DC396DB6BB23}.DLL_Release.Build.0 = DLL_Release|Win32
		{3D443B05-403C-4907-8F50-DC396DB6BB23}.DLLwithHDF5_Debug.ActiveCfg = DLLwithHDF5_Debug|Win32
		{3D443B05-403C-4907-8F50-DC396DB6BB23}.DLLwithHDF5_Debug.Build.0 = DLLwithHDF5_Debug|Win32
		{3D443B05-403C-4907-8F50-DC396DB6BB23}.DLLwithHDF5_Release.ActiveCfg = DLLwithHDF5_Release|Win32
		{3D443B05-403C-4907-8F50-DC396DB6BB23}.DLLwithHDF5_Release.Build.0 = DLLwithHDF5_Release|Win32
		{3D443B05-403C-4907-8F50-DC396DB6BB23}.Release.ActiveCfg = StaticLib_Release|Win32
		{3D443B05-403C-4907-8F50-DC396DB6BB23}.Release.Build.0 = StaticLib_Release|Win32
		{3D443B05-403C-4907-8F50-DC396DB6BB23}.StaticLib_Debug.ActiveCfg = StaticLib_Debug|Win32
		{3D443B05-403C-4907-8F50-DC396DB6BB23}.StaticLib_Debug.Build.0 = StaticLib_Debug|Win32
		{3D443B05-403C-4907-8F50-DC396DB6BB23}.StaticLib_Release.ActiveCfg = StaticLib_Release|Win32
		{3D443B05-403C-4907-8F50-DC396DB6BB23}.StaticLib_Release.Build.0 = StaticLib_Release|Win32
		{3D443B05-403C-4907-8F50-DC396DB6BB23}.StaticLibwithHDF5_Debug.ActiveCfg = StaticLibwithHDF5_Debug|Win32
		{3D443B05-403C-4907-8F50-DC396DB6BB23}.StaticLibwithHDF5_Debug.Build.0 = StaticLibwithHDF5_Debug|Win32
		{3D443B05-403C-4907-8F50-DC396DB6BB23}.StaticLibwithHDF5_Release.ActiveCfg = StaticLibwithHDF5_Release|Win32
		{3D443B05-403C-4907-8F50-DC396DB6BB23}.StaticLibwithHDF5_Release.Build.0 = StaticLibwithHDF5_Release|Win32
		{20BFB7B0-9F43-43BB-B188-555DEA431CDF}.Debug.ActiveCfg = StaticLib_Debug|Win32
		{20BFB7B0-9F43-43BB-B188-555DEA431CDF}.Debug.Build.0 = StaticLib_Debug|Win32
		{20BFB7B0-9F43-43BB-B188-555DEA431CDF}.DLL_Debug.ActiveCfg = DLL_Debug|Win32
		{20BFB7B0-9F43-43BB-B188-555DEA431CDF}.DLL_Debug.Build.0 = DLL_Debug|Win32
		{20BFB7B0-9F43-43BB-B188-555DEA431CDF}.DLL_Release.ActiveCfg = DLL_Release|Win32
		{20BFB7B0-9F43-43BB-B188-555DEA431CDF}.DLL_Release.Build.0 = DLL_Release|Win32
		{20BFB7B0-9F43-43BB-B188-555DEA431CDF}.DLLwithHDF5_Debug.ActiveCfg = DLLwithHDF5_Debug|Win32
		{20BFB7B0-9F43-43BB-B188-555DEA431CDF}.DLLwithHDF5_Debug.Build.0 = DLLwithHDF5_Debug|Win32
		{20BFB7B0-9F43-43BB-B188-555DEA431CDF}.DLLwithHDF5_Release.ActiveCfg = DLLwithHDF5_Release|Win32
		{20BFB7B0-9F43-43BB-B188-555DEA431CDF}.DLLwithHDF5_Release.Build.0 = DLLwithHDF5_Release|Win32
		{20BFB7B0-9F43-43BB-B188-555DEA431CDF}.Release.ActiveCfg = StaticLib_Release|Win32
		{20BFB7B0-9F43-43BB-B188-555DEA431CDF}.Release.Build.0 = StaticLib_Release|Win32
		{20BFB7B0-9F43-43BB-B188-555DEA431CDF}.StaticLib_Debug.ActiveCfg = StaticLib_Debug|Win32
		{20BFB7B0-9F43-43BB-B188-555DEA431CDF}.StaticLib_Debug.Build.0 = StaticLib_Debug|Win32
		{20BFB7B0-9F43-43BB-B188-555DEA431CDF}.StaticLib_Release.ActiveCfg = StaticLib_Release|Win32
		{20BFB7B0-9F43-43BB-B188-555DEA431CDF}.StaticLib_Release.Build.0 = StaticLib_Release|Win32
		{20BFB7B0-9F43-43BB-B188-555DEA431CDF}.StaticLibwithHDF5_Debug.ActiveCfg = StaticLibwithHDF5_Debug|Win32
		{20BFB7B0-9F43-43BB-B188-555DEA431CDF}.StaticLibwithHDF5_Debug.Build.0 = StaticLibwithHDF5_Debug|Win32
		{20BFB7B0-9F43-43BB-B188-555DEA431CDF}.StaticLibwithHDF5_Release.ActiveCfg = StaticLibwithHDF5_Release|Win32
		{20BFB7B0-9F43-43BB-B188-555DEA431CDF}.StaticLibwithHDF5_Release.Build.0 = StaticLibwithHDF5_Release|Win32
		{ACA6F567-1814-4F0C-81C9-CAD958D1193F}.Debug.ActiveCfg = Debug|Win32
		{ACA6F567-1814-4F0C-81C9-CAD958D1193F}.Debug.Build.0 = Debug|Win32
		{ACA6F567-1814-4F0C-81C9-CAD958D1193F}.DLL_Debug.ActiveCfg = Debug|Win32
		{ACA6F567-1814-4F0C-81C9-CAD958D1193F}.DLL_Debug.Build.0 = Debug|Win32
		{ACA6F567-1814-4F0C-81C9-CAD958D1193F}.DLL_Release.ActiveCfg = Release|Win32
		{ACA6F567-1814-4F0C-81C9-CAD958D1193F}.DLL_Release.Build.0 = Release|Win32
		{ACA6F567-1814-4F0C-81C9-CAD958D1193F}.DLLwithHDF5_Debug.ActiveCfg = Debug|Win32
		{ACA6F567-1814-4F0C-81C9-CAD958D1193F}.DLLwithHDF5_Debug.Build.0 = Debug|Win32
		{ACA6F567-1814-4F0C-81C9-CAD958D1193F}.DLLwithHDF5_Release.ActiveCfg = Release|Win32
		{ACA6F567-1814-4F0C-81C9-CAD958D1193F}.DLLwithHDF5_Release.Build.0 = Release|Win32
		{ACA6F567-1814-4F0C-81C9-CAD958D1193F}.Release.ActiveCfg = Release|Win32
		{ACA6F567-1814-4F0C-81C9-CAD958D1193F}.Release.Build.0 = Release|Win32
		{ACA6F567-1814-4F0C-81C9-CAD958D1193F}.StaticLib_Debug.ActiveCfg = Debug|Win32
		{ACA6F567-1814-4F0C-81C9-CAD958D1193F}.StaticLib_Debug.Build.0 = Debug|Win32
		{ACA6F567-1814-4F0C-81C9-CAD958D1193F}.StaticLib_Release.ActiveCfg = Release|Win32
		{ACA6F567-1814-4F0C-81C9-CAD958D1193F}.StaticLib_Release.Build.0 = Release|Win32
		{ACA6F567-1814-4F0C-81C9-CAD958D1193F}.StaticLibwithHDF5_Debug.ActiveCfg = Debug|Win32
		{ACA6F567-1814-4F0C-81C9-CAD958D1193F}.StaticLibwithHDF5_Debug.Build.0 = Debug|Win32
		{ACA6F567-1814-4F0C-81C9-CAD958D1193F}.StaticLibwithHDF5_Release.ActiveCfg = Release|Win32
		{ACA6F567-1814-4F0C-81C9-CAD958D1193F}.StaticLibwithHDF5_Release.Build.0 = Release|Win32
	EndGlobalSection
	GlobalSection(ExtensibilityGlobals) = postSolution
	EndGlobalSection
	GlobalSection(ExtensibilityAddIns) = postSolution
	EndGlobalSection
EndGlobal
