<?xml version="1.0" encoding="utf-8"?>
<Project ToolsVersion="4.0" xmlns="http://schemas.microsoft.com/developer/msbuild/2003">
  <ItemGroup>
    <Filter Include="Source Files">
      <UniqueIdentifier>{4FC737F1-C7A5-4376-A066-2A32D752A2FF}</UniqueIdentifier>
      <Extensions>cpp;c;cc;cxx;def;odl;idl;hpj;bat;asm;asmx</Extensions>
    </Filter>
    <Filter Include="Header Files">
      <UniqueIdentifier>{93995380-89BD-4b04-88EB-625FBE52EBFB}</UniqueIdentifier>
      <Extensions>h;hpp;hxx;hm;inl;inc;xsd</Extensions>
    </Filter>
  </ItemGroup>
  <ItemGroup>
    <ClCompile Include="..\..\tools\browser\array.c">
      <Filter>Source Files</Filter>
    </ClCompile>
    <ClCompile Include="..\..\tools\browser\bif.c">
      <Filter>Source Files</Filter>
    </ClCompile>
    <ClCompile Include="..\..\tools\browser\browser.c">
      <Filter>Source Files</Filter>
    </ClCompile>
    <ClCompile Include="..\..\tools\browser\cons.c">
      <Filter>Source Files</Filter>
    </ClCompile>
    <ClCompile Include="..\..\tools\browser\file.c">
      <Filter>Source Files</Filter>
    </ClCompile>
    <ClCompile Include="..\..\tools\browser\func.c">
      <Filter>Source Files</Filter>
    </ClCompile>
    <ClCompile Include="..\..\tools\browser\lex.c">
      <Filter>Source Files</Filter>
    </ClCompile>
    <ClCompile Include="..\..\tools\browser\num.c">
      <Filter>Source Files</Filter>
    </ClCompile>
    <ClCompile Include="..\..\tools\browser\obj.c">
      <Filter>Source Files</Filter>
    </ClCompile>
    <ClCompile Include="..\..\tools\browser\output.c">
      <Filter>Source Files</Filter>
    </ClCompile>
    <ClCompile Include="..\..\tools\browser\parse.c">
      <Filter>Source Files</Filter>
    </ClCompile>
    <ClCompile Include="..\..\tools\browser\prim.c">
      <Filter>Source Files</Filter>
    </ClCompile>
    <ClCompile Include="..\..\tools\browser\ptr.c">
      <Filter>Source Files</Filter>
    </ClCompile>
    <ClCompile Include="..\..\tools\browser\range.c">
      <Filter>Source Files</Filter>
    </ClCompile>
    <ClCompile Include="..\..\tools\browser\sdo.c">
      <Filter>Source Files</Filter>
    </ClCompile>
    <ClCompile Include="..\..\tools\browser\stc.c">
      <Filter>Source Files</Filter>
    </ClCompile>
    <ClCompile Include="..\..\tools\browser\str.c">
      <Filter>Source Files</Filter>
    </ClCompile>
    <ClCompile Include="..\..\tools\browser\switch.c">
      <Filter>Source Files</Filter>
    </ClCompile>
    <ClCompile Include="..\..\tools\browser\sym.c">
      <Filter>Source Files</Filter>
    </ClCompile>
  </ItemGroup>
  <ItemGroup>
    <ClInclude Include="..\..\tools\browser\browser.h">
      <Filter>Header Files</Filter>
    </ClInclude>
  </ItemGroup>
</Project>