<?xml version="1.0" encoding="utf-8"?>
<Project ToolsVersion="4.0" xmlns="http://schemas.microsoft.com/developer/msbuild/2003">
  <ItemGroup>
    <Filter Include="Source Files">
      <UniqueIdentifier>{4FC737F1-C7A5-4376-A066-2A32D752A2FF}</UniqueIdentifier>
      <Extensions>cpp;c;cc;cxx;def;odl;idl;hpj;bat;asm;asmx</Extensions>
    </Filter>
    <Filter Include="Header Files">
      <UniqueIdentifier>{93995380-89BD-4b04-88EB-625FBE52EBFB}</UniqueIdentifier>
      <Extensions>h;hpp;hxx;hm;inl;inc;xsd</Extensions>
    </Filter>
    <Filter Include="Source Files\moc">
      <UniqueIdentifier>{94ceaedb-6e8a-4de6-91e5-1db608812798}</UniqueIdentifier>
    </Filter>
  </ItemGroup>
  <ItemGroup>
    <ClCompile Include="..\..\tools\silex\Explorer.cpp">
      <Filter>Source Files</Filter>
    </ClCompile>
    <ClCompile Include="..\..\tools\silex\main.cpp">
      <Filter>Source Files</Filter>
    </ClCompile>
    <ClCompile Include="..\..\tools\silex\SiloArrayView.cpp">
      <Filter>Source Files</Filter>
    </ClCompile>
    <ClCompile Include="..\..\tools\silex\SiloDirTreeView.cpp">
      <Filter>Source Files</Filter>
    </ClCompile>
    <ClCompile Include="..\..\tools\silex\SiloDirView.cpp">
      <Filter>Source Files</Filter>
    </ClCompile>
    <ClCompile Include="..\..\tools\silex\SiloFile.cpp">
      <Filter>Source Files</Filter>
    </ClCompile>
    <ClCompile Include="..\..\tools\silex\SiloObjectView.cpp">
      <Filter>Source Files</Filter>
    </ClCompile>
    <ClCompile Include="..\..\tools\silex\SiloValueView.cpp">
      <Filter>Source Files</Filter>
    </ClCompile>
    <ClCompile Include="..\..\tools\silex\SiloView.cpp">
      <Filter>Source Files</Filter>
    </ClCompile>
    <ClCompile Include="..\..\tools\silex\Explorer_moc.cpp">
      <Filter>Source Files\moc</Filter>
    </ClCompile>
    <ClCompile Include="..\..\tools\silex\SiloArrayView_moc.cpp">
      <Filter>Source Files\moc</Filter>
    </ClCompile>
    <ClCompile Include="..\..\tools\silex\SiloDirTreeView_moc.cpp">
      <Filter>Source Files\moc</Filter>
    </ClCompile>
    <ClCompile Include="..\..\tools\silex\SiloDirView_moc.cpp">
      <Filter>Source Files\moc</Filter>
    </ClCompile>
    <ClCompile Include="..\..\tools\silex\SiloObjectView_moc.cpp">
      <Filter>Source Files\moc</Filter>
    </ClCompile>
    <ClCompile Include="..\..\tools\silex\SiloValueView_moc.cpp">
      <Filter>Source Files\moc</Filter>
    </ClCompile>
    <ClCompile Include="..\..\tools\silex\SiloView_moc.cpp">
      <Filter>Source Files\moc</Filter>
    </ClCompile>
  </ItemGroup>
  <ItemGroup>
    <ClInclude Include="..\..\tools\silex\Explorer.h">
      <Filter>Header Files</Filter>
    </ClInclude>
    <ClInclude Include="..\..\tools\silex\SiloArrayView.h">
      <Filter>Header Files</Filter>
    </ClInclude>
    <ClInclude Include="..\..\tools\silex\SiloDirTreeView.h">
      <Filter>Header Files</Filter>
    </ClInclude>
    <ClInclude Include="..\..\tools\silex\SiloDirView.h">
      <Filter>Header Files</Filter>
    </ClInclude>
    <ClInclude Include="..\..\tools\silex\SiloFile.h">
      <Filter>Header Files</Filter>
    </ClInclude>
    <ClInclude Include="..\..\tools\silex\SiloObjectView.h">
      <Filter>Header Files</Filter>
    </ClInclude>
    <ClInclude Include="..\..\tools\silex\SiloValueView.h">
      <Filter>Header Files</Filter>
    </ClInclude>
    <ClInclude Include="..\..\tools\silex\SiloView.h">
      <Filter>Header Files</Filter>
    </ClInclude>
  </ItemGroup>
</Project>